// !$*UTF8*$!
{
	archiveVersion = 1;
	classes = {
	};
	objectVersion = 55;
	objects = {

/* Begin PBXBuildFile section */
		0341B48E37D3DA2C13998862 /* Pods_TheNewsCarlosCavalcanti.framework in Frameworks */ = {isa = PBXBuildFile; fileRef = 67603C6968A5C8150C2307CB /* Pods_TheNewsCarlosCavalcanti.framework */; };
		11472F5327B71672004404EF /* ListNewsPresenter.swift in Sources */ = {isa = PBXBuildFile; fileRef = 11472F5227B71672004404EF /* ListNewsPresenter.swift */; };
		11472F5527B71D24004404EF /* NewsListRouter.swift in Sources */ = {isa = PBXBuildFile; fileRef = 11472F5427B71D24004404EF /* NewsListRouter.swift */; };
		11472F5727B729E7004404EF /* ImageKit.swift in Sources */ = {isa = PBXBuildFile; fileRef = 11472F5627B729E7004404EF /* ImageKit.swift */; };
		11472F5A27B73AA4004404EF /* ListNewsFirstTableViewCell.swift in Sources */ = {isa = PBXBuildFile; fileRef = 11472F5927B73AA4004404EF /* ListNewsFirstTableViewCell.swift */; };
		11472F5D27B7E86B004404EF /* TNStyleGuide.swift in Sources */ = {isa = PBXBuildFile; fileRef = 11472F5C27B7E86B004404EF /* TNStyleGuide.swift */; };
		11472F6A27B7E9F3004404EF /* Roboto-MediumItalic.ttf in Resources */ = {isa = PBXBuildFile; fileRef = 11472F5F27B7E9F1004404EF /* Roboto-MediumItalic.ttf */; };
		11472F6B27B7E9F3004404EF /* Roboto-Black.ttf in Resources */ = {isa = PBXBuildFile; fileRef = 11472F6027B7E9F1004404EF /* Roboto-Black.ttf */; };
		11472F6C27B7E9F3004404EF /* Roboto-BoldItalic.ttf in Resources */ = {isa = PBXBuildFile; fileRef = 11472F6127B7E9F1004404EF /* Roboto-BoldItalic.ttf */; };
		11472F6D27B7E9F3004404EF /* Roboto-BlackItalic.ttf in Resources */ = {isa = PBXBuildFile; fileRef = 11472F6227B7E9F1004404EF /* Roboto-BlackItalic.ttf */; };
		11472F6E27B7E9F3004404EF /* Roboto-Medium.ttf in Resources */ = {isa = PBXBuildFile; fileRef = 11472F6327B7E9F2004404EF /* Roboto-Medium.ttf */; };
		11472F6F27B7E9F3004404EF /* Roboto-Bold.ttf in Resources */ = {isa = PBXBuildFile; fileRef = 11472F6427B7E9F2004404EF /* Roboto-Bold.ttf */; };
		11472F7027B7E9F3004404EF /* Roboto-ThinItalic.ttf in Resources */ = {isa = PBXBuildFile; fileRef = 11472F6527B7E9F2004404EF /* Roboto-ThinItalic.ttf */; };
		11472F7127B7E9F3004404EF /* Roboto-Regular.ttf in Resources */ = {isa = PBXBuildFile; fileRef = 11472F6627B7E9F2004404EF /* Roboto-Regular.ttf */; };
		11472F7227B7E9F3004404EF /* Roboto-Thin.ttf in Resources */ = {isa = PBXBuildFile; fileRef = 11472F6727B7E9F2004404EF /* Roboto-Thin.ttf */; };
		11472F7327B7E9F3004404EF /* Roboto-Italic.ttf in Resources */ = {isa = PBXBuildFile; fileRef = 11472F6827B7E9F2004404EF /* Roboto-Italic.ttf */; };
		11472F7427B7E9F3004404EF /* Roboto-Light.ttf in Resources */ = {isa = PBXBuildFile; fileRef = 11472F6927B7E9F2004404EF /* Roboto-Light.ttf */; };
		11472F7727B7EA5F004404EF /* TNStyleGuideFont.swift in Sources */ = {isa = PBXBuildFile; fileRef = 11472F7627B7EA5F004404EF /* TNStyleGuideFont.swift */; };
		11472F7927B7ECBB004404EF /* UILabel+Extensions.swift in Sources */ = {isa = PBXBuildFile; fileRef = 11472F7827B7ECBB004404EF /* UILabel+Extensions.swift */; };
		11472F7B27B7F2CA004404EF /* UINavigationController+Extensions.swift in Sources */ = {isa = PBXBuildFile; fileRef = 11472F7A27B7F2CA004404EF /* UINavigationController+Extensions.swift */; };
		11472F7D27B7F31A004404EF /* UINavigationBar+Extensions.swift in Sources */ = {isa = PBXBuildFile; fileRef = 11472F7C27B7F31A004404EF /* UINavigationBar+Extensions.swift */; };
		11472F7F27B7FE19004404EF /* UIImage+Appearance.swift in Sources */ = {isa = PBXBuildFile; fileRef = 11472F7E27B7FE19004404EF /* UIImage+Appearance.swift */; };
		11472F8127B7FF53004404EF /* UIButton+Extensions.swift in Sources */ = {isa = PBXBuildFile; fileRef = 11472F8027B7FF53004404EF /* UIButton+Extensions.swift */; };
		11472F8327B80504004404EF /* UIAlertController+Extensions.swift in Sources */ = {isa = PBXBuildFile; fileRef = 11472F8227B80504004404EF /* UIAlertController+Extensions.swift */; };
		11472F8727B93C8F004404EF /* NewsDetailsViewController.swift in Sources */ = {isa = PBXBuildFile; fileRef = 11472F8627B93C8F004404EF /* NewsDetailsViewController.swift */; };
		11472F8A27B947EF004404EF /* NewsDetailsRouter.swift in Sources */ = {isa = PBXBuildFile; fileRef = 11472F8927B947EE004404EF /* NewsDetailsRouter.swift */; };
		11472F8F27B96D21004404EF /* NewsDetailsTitleTableViewCell.swift in Sources */ = {isa = PBXBuildFile; fileRef = 11472F8E27B96D21004404EF /* NewsDetailsTitleTableViewCell.swift */; };
		11472F9127B96D31004404EF /* NewsDetailsImageTableViewCell.swift in Sources */ = {isa = PBXBuildFile; fileRef = 11472F9027B96D31004404EF /* NewsDetailsImageTableViewCell.swift */; };
		11472F9327B96D3F004404EF /* NewsDetailsTextTableViewCell.swift in Sources */ = {isa = PBXBuildFile; fileRef = 11472F9227B96D3F004404EF /* NewsDetailsTextTableViewCell.swift */; };
		11472F9C27B988C8004404EF /* NewsListInteractorTests.swift in Sources */ = {isa = PBXBuildFile; fileRef = 11472F9B27B988C8004404EF /* NewsListInteractorTests.swift */; };
		11472F9F27B98AFB004404EF /* ListNewsPresenterMock.swift in Sources */ = {isa = PBXBuildFile; fileRef = 11472F9E27B98AFB004404EF /* ListNewsPresenterMock.swift */; };
		11472FA127B98DB8004404EF /* ListNewsInteractorMock.swift in Sources */ = {isa = PBXBuildFile; fileRef = 11472FA027B98DB8004404EF /* ListNewsInteractorMock.swift */; };
		11472FA427B9AD8E004404EF /* NewsDetailsPresenter.swift in Sources */ = {isa = PBXBuildFile; fileRef = 11472FA327B9AD8E004404EF /* NewsDetailsPresenter.swift */; };
		11472FA627BA7BCF004404EF /* UITableView+Extensions.swift in Sources */ = {isa = PBXBuildFile; fileRef = 11472FA527BA7BCF004404EF /* UITableView+Extensions.swift */; };
		11472FA827BA7BFC004404EF /* UITableViewCell.swift in Sources */ = {isa = PBXBuildFile; fileRef = 11472FA727BA7BFC004404EF /* UITableViewCell.swift */; };
		11472FAD27BACAED004404EF /* Date+Extensions.swift in Sources */ = {isa = PBXBuildFile; fileRef = 11472FAC27BACAED004404EF /* Date+Extensions.swift */; };
		11472FAF27BACBA5004404EF /* NSMutableAttributedString+Extensions.swift in Sources */ = {isa = PBXBuildFile; fileRef = 11472FAE27BACBA5004404EF /* NSMutableAttributedString+Extensions.swift */; };
		1192A07F27B53B9C00F2BA3E /* AppDelegate.swift in Sources */ = {isa = PBXBuildFile; fileRef = 1192A07E27B53B9C00F2BA3E /* AppDelegate.swift */; };
		1192A08127B53B9C00F2BA3E /* SceneDelegate.swift in Sources */ = {isa = PBXBuildFile; fileRef = 1192A08027B53B9C00F2BA3E /* SceneDelegate.swift */; };
		1192A08327B53B9C00F2BA3E /* ViewController.swift in Sources */ = {isa = PBXBuildFile; fileRef = 1192A08227B53B9C00F2BA3E /* ViewController.swift */; };
		1192A08827B53BA000F2BA3E /* Assets.xcassets in Resources */ = {isa = PBXBuildFile; fileRef = 1192A08727B53BA000F2BA3E /* Assets.xcassets */; };
		1192A08B27B53BA000F2BA3E /* LaunchScreen.storyboard in Resources */ = {isa = PBXBuildFile; fileRef = 1192A08927B53BA000F2BA3E /* LaunchScreen.storyboard */; };
		1192A09627B53BA100F2BA3E /* TheNewsCarlosCavalcantiTests.swift in Sources */ = {isa = PBXBuildFile; fileRef = 1192A09527B53BA100F2BA3E /* TheNewsCarlosCavalcantiTests.swift */; };
		1192A0A027B53BA100F2BA3E /* TheNewsCarlosCavalcantiUITests.swift in Sources */ = {isa = PBXBuildFile; fileRef = 1192A09F27B53BA100F2BA3E /* TheNewsCarlosCavalcantiUITests.swift */; };
		1192A0A227B53BA100F2BA3E /* TheNewsCarlosCavalcantiUITestsLaunchTests.swift in Sources */ = {isa = PBXBuildFile; fileRef = 1192A0A127B53BA100F2BA3E /* TheNewsCarlosCavalcantiUITestsLaunchTests.swift */; };
		1192A0BA27B53F8000F2BA3E /* NewsListViewController.swift in Sources */ = {isa = PBXBuildFile; fileRef = 1192A0B927B53F8000F2BA3E /* NewsListViewController.swift */; };
		1192A0BD27B5421F00F2BA3E /* ListNewsTableViewCell.swift in Sources */ = {isa = PBXBuildFile; fileRef = 1192A0BC27B5421F00F2BA3E /* ListNewsTableViewCell.swift */; };
		1192A0C027B549C000F2BA3E /* UIView+Extensions.swift in Sources */ = {isa = PBXBuildFile; fileRef = 1192A0BF27B549C000F2BA3E /* UIView+Extensions.swift */; };
		1192A0C227B5D56D00F2BA3E /* NewsListEntity.swift in Sources */ = {isa = PBXBuildFile; fileRef = 1192A0C127B5D56D00F2BA3E /* NewsListEntity.swift */; };
		1192A0C427B5D6D000F2BA3E /* ListNewsInteractor.swift in Sources */ = {isa = PBXBuildFile; fileRef = 1192A0C327B5D6D000F2BA3E /* ListNewsInteractor.swift */; };
		431001D2CAF7BECCFD98BD5E /* Pods_TheNewsCarlosCavalcanti_TheNewsCarlosCavalcantiUITests.framework in Frameworks */ = {isa = PBXBuildFile; fileRef = 2ABCE1F1C6BF93B779145495 /* Pods_TheNewsCarlosCavalcanti_TheNewsCarlosCavalcantiUITests.framework */; };
		9C0506C52B92934A4EF34897 /* Pods_TheNewsCarlosCavalcantiTests.framework in Frameworks */ = {isa = PBXBuildFile; fileRef = 520CF3D2186D261711850BA5 /* Pods_TheNewsCarlosCavalcantiTests.framework */; };
/* End PBXBuildFile section */

/* Begin PBXContainerItemProxy section */
		1192A09227B53BA100F2BA3E /* PBXContainerItemProxy */ = {
			isa = PBXContainerItemProxy;
			containerPortal = 1192A07327B53B9C00F2BA3E /* Project object */;
			proxyType = 1;
			remoteGlobalIDString = 1192A07A27B53B9C00F2BA3E;
			remoteInfo = TheNewsCarlosCavalcanti;
		};
		1192A09C27B53BA100F2BA3E /* PBXContainerItemProxy */ = {
			isa = PBXContainerItemProxy;
			containerPortal = 1192A07327B53B9C00F2BA3E /* Project object */;
			proxyType = 1;
			remoteGlobalIDString = 1192A07A27B53B9C00F2BA3E;
			remoteInfo = TheNewsCarlosCavalcanti;
		};
/* End PBXContainerItemProxy section */

/* Begin PBXFileReference section */
		11472F5227B71672004404EF /* ListNewsPresenter.swift */ = {isa = PBXFileReference; lastKnownFileType = sourcecode.swift; path = ListNewsPresenter.swift; sourceTree = "<group>"; };
		11472F5427B71D24004404EF /* NewsListRouter.swift */ = {isa = PBXFileReference; lastKnownFileType = sourcecode.swift; path = NewsListRouter.swift; sourceTree = "<group>"; };
		11472F5627B729E7004404EF /* ImageKit.swift */ = {isa = PBXFileReference; lastKnownFileType = sourcecode.swift; path = ImageKit.swift; sourceTree = "<group>"; };
		11472F5927B73AA4004404EF /* ListNewsFirstTableViewCell.swift */ = {isa = PBXFileReference; lastKnownFileType = sourcecode.swift; path = ListNewsFirstTableViewCell.swift; sourceTree = "<group>"; };
		11472F5C27B7E86B004404EF /* TNStyleGuide.swift */ = {isa = PBXFileReference; lastKnownFileType = sourcecode.swift; path = TNStyleGuide.swift; sourceTree = "<group>"; };
		11472F5F27B7E9F1004404EF /* Roboto-MediumItalic.ttf */ = {isa = PBXFileReference; lastKnownFileType = file; name = "Roboto-MediumItalic.ttf"; path = "TheNewsCarlosCavalcanti/Shared/Font/Roboto-MediumItalic.ttf"; sourceTree = SOURCE_ROOT; };
		11472F6027B7E9F1004404EF /* Roboto-Black.ttf */ = {isa = PBXFileReference; lastKnownFileType = file; name = "Roboto-Black.ttf"; path = "TheNewsCarlosCavalcanti/Shared/Font/Roboto-Black.ttf"; sourceTree = SOURCE_ROOT; };
		11472F6127B7E9F1004404EF /* Roboto-BoldItalic.ttf */ = {isa = PBXFileReference; lastKnownFileType = file; name = "Roboto-BoldItalic.ttf"; path = "TheNewsCarlosCavalcanti/Shared/Font/Roboto-BoldItalic.ttf"; sourceTree = SOURCE_ROOT; };
		11472F6227B7E9F1004404EF /* Roboto-BlackItalic.ttf */ = {isa = PBXFileReference; lastKnownFileType = file; name = "Roboto-BlackItalic.ttf"; path = "TheNewsCarlosCavalcanti/Shared/Font/Roboto-BlackItalic.ttf"; sourceTree = SOURCE_ROOT; };
		11472F6327B7E9F2004404EF /* Roboto-Medium.ttf */ = {isa = PBXFileReference; lastKnownFileType = file; name = "Roboto-Medium.ttf"; path = "TheNewsCarlosCavalcanti/Shared/Font/Roboto-Medium.ttf"; sourceTree = SOURCE_ROOT; };
		11472F6427B7E9F2004404EF /* Roboto-Bold.ttf */ = {isa = PBXFileReference; lastKnownFileType = file; name = "Roboto-Bold.ttf"; path = "TheNewsCarlosCavalcanti/Shared/Font/Roboto-Bold.ttf"; sourceTree = SOURCE_ROOT; };
		11472F6527B7E9F2004404EF /* Roboto-ThinItalic.ttf */ = {isa = PBXFileReference; lastKnownFileType = file; name = "Roboto-ThinItalic.ttf"; path = "TheNewsCarlosCavalcanti/Shared/Font/Roboto-ThinItalic.ttf"; sourceTree = SOURCE_ROOT; };
		11472F6627B7E9F2004404EF /* Roboto-Regular.ttf */ = {isa = PBXFileReference; lastKnownFileType = file; name = "Roboto-Regular.ttf"; path = "TheNewsCarlosCavalcanti/Shared/Font/Roboto-Regular.ttf"; sourceTree = SOURCE_ROOT; };
		11472F6727B7E9F2004404EF /* Roboto-Thin.ttf */ = {isa = PBXFileReference; lastKnownFileType = file; name = "Roboto-Thin.ttf"; path = "TheNewsCarlosCavalcanti/Shared/Font/Roboto-Thin.ttf"; sourceTree = SOURCE_ROOT; };
		11472F6827B7E9F2004404EF /* Roboto-Italic.ttf */ = {isa = PBXFileReference; lastKnownFileType = file; name = "Roboto-Italic.ttf"; path = "TheNewsCarlosCavalcanti/Shared/Font/Roboto-Italic.ttf"; sourceTree = SOURCE_ROOT; };
		11472F6927B7E9F2004404EF /* Roboto-Light.ttf */ = {isa = PBXFileReference; lastKnownFileType = file; name = "Roboto-Light.ttf"; path = "TheNewsCarlosCavalcanti/Shared/Font/Roboto-Light.ttf"; sourceTree = SOURCE_ROOT; };
		11472F7627B7EA5F004404EF /* TNStyleGuideFont.swift */ = {isa = PBXFileReference; lastKnownFileType = sourcecode.swift; path = TNStyleGuideFont.swift; sourceTree = "<group>"; };
		11472F7827B7ECBB004404EF /* UILabel+Extensions.swift */ = {isa = PBXFileReference; lastKnownFileType = sourcecode.swift; path = "UILabel+Extensions.swift"; sourceTree = "<group>"; };
		11472F7A27B7F2CA004404EF /* UINavigationController+Extensions.swift */ = {isa = PBXFileReference; lastKnownFileType = sourcecode.swift; path = "UINavigationController+Extensions.swift"; sourceTree = "<group>"; };
		11472F7C27B7F31A004404EF /* UINavigationBar+Extensions.swift */ = {isa = PBXFileReference; lastKnownFileType = sourcecode.swift; path = "UINavigationBar+Extensions.swift"; sourceTree = "<group>"; };
		11472F7E27B7FE19004404EF /* UIImage+Appearance.swift */ = {isa = PBXFileReference; lastKnownFileType = sourcecode.swift; path = "UIImage+Appearance.swift"; sourceTree = "<group>"; };
		11472F8027B7FF53004404EF /* UIButton+Extensions.swift */ = {isa = PBXFileReference; lastKnownFileType = sourcecode.swift; path = "UIButton+Extensions.swift"; sourceTree = "<group>"; };
		11472F8227B80504004404EF /* UIAlertController+Extensions.swift */ = {isa = PBXFileReference; lastKnownFileType = sourcecode.swift; path = "UIAlertController+Extensions.swift"; sourceTree = "<group>"; };
		11472F8627B93C8F004404EF /* NewsDetailsViewController.swift */ = {isa = PBXFileReference; lastKnownFileType = sourcecode.swift; path = NewsDetailsViewController.swift; sourceTree = "<group>"; };
		11472F8927B947EE004404EF /* NewsDetailsRouter.swift */ = {isa = PBXFileReference; lastKnownFileType = sourcecode.swift; path = NewsDetailsRouter.swift; sourceTree = "<group>"; };
		11472F8E27B96D21004404EF /* NewsDetailsTitleTableViewCell.swift */ = {isa = PBXFileReference; lastKnownFileType = sourcecode.swift; path = NewsDetailsTitleTableViewCell.swift; sourceTree = "<group>"; };
		11472F9027B96D31004404EF /* NewsDetailsImageTableViewCell.swift */ = {isa = PBXFileReference; lastKnownFileType = sourcecode.swift; path = NewsDetailsImageTableViewCell.swift; sourceTree = "<group>"; };
		11472F9227B96D3F004404EF /* NewsDetailsTextTableViewCell.swift */ = {isa = PBXFileReference; lastKnownFileType = sourcecode.swift; path = NewsDetailsTextTableViewCell.swift; sourceTree = "<group>"; };
		11472F9B27B988C8004404EF /* NewsListInteractorTests.swift */ = {isa = PBXFileReference; lastKnownFileType = sourcecode.swift; path = NewsListInteractorTests.swift; sourceTree = "<group>"; };
		11472F9E27B98AFB004404EF /* ListNewsPresenterMock.swift */ = {isa = PBXFileReference; lastKnownFileType = sourcecode.swift; path = ListNewsPresenterMock.swift; sourceTree = "<group>"; };
		11472FA027B98DB8004404EF /* ListNewsInteractorMock.swift */ = {isa = PBXFileReference; lastKnownFileType = sourcecode.swift; path = ListNewsInteractorMock.swift; sourceTree = "<group>"; };
		11472FA327B9AD8E004404EF /* NewsDetailsPresenter.swift */ = {isa = PBXFileReference; lastKnownFileType = sourcecode.swift; path = NewsDetailsPresenter.swift; sourceTree = "<group>"; };
		11472FA527BA7BCF004404EF /* UITableView+Extensions.swift */ = {isa = PBXFileReference; lastKnownFileType = sourcecode.swift; path = "UITableView+Extensions.swift"; sourceTree = "<group>"; };
		11472FA727BA7BFC004404EF /* UITableViewCell.swift */ = {isa = PBXFileReference; lastKnownFileType = sourcecode.swift; path = UITableViewCell.swift; sourceTree = "<group>"; };
		11472FAC27BACAED004404EF /* Date+Extensions.swift */ = {isa = PBXFileReference; lastKnownFileType = sourcecode.swift; path = "Date+Extensions.swift"; sourceTree = "<group>"; };
		11472FAE27BACBA5004404EF /* NSMutableAttributedString+Extensions.swift */ = {isa = PBXFileReference; lastKnownFileType = sourcecode.swift; path = "NSMutableAttributedString+Extensions.swift"; sourceTree = "<group>"; };
		1192A07B27B53B9C00F2BA3E /* TheNewsCarlosCavalcanti.app */ = {isa = PBXFileReference; explicitFileType = wrapper.application; includeInIndex = 0; path = TheNewsCarlosCavalcanti.app; sourceTree = BUILT_PRODUCTS_DIR; };
		1192A07E27B53B9C00F2BA3E /* AppDelegate.swift */ = {isa = PBXFileReference; lastKnownFileType = sourcecode.swift; path = AppDelegate.swift; sourceTree = "<group>"; };
		1192A08027B53B9C00F2BA3E /* SceneDelegate.swift */ = {isa = PBXFileReference; lastKnownFileType = sourcecode.swift; path = SceneDelegate.swift; sourceTree = "<group>"; };
		1192A08227B53B9C00F2BA3E /* ViewController.swift */ = {isa = PBXFileReference; lastKnownFileType = sourcecode.swift; path = ViewController.swift; sourceTree = "<group>"; };
		1192A08727B53BA000F2BA3E /* Assets.xcassets */ = {isa = PBXFileReference; lastKnownFileType = folder.assetcatalog; name = Assets.xcassets; path = TheNewsCarlosCavalcanti/Assets.xcassets; sourceTree = SOURCE_ROOT; };
		1192A08A27B53BA000F2BA3E /* Base */ = {isa = PBXFileReference; lastKnownFileType = file.storyboard; name = Base; path = Base.lproj/LaunchScreen.storyboard; sourceTree = "<group>"; };
		1192A08C27B53BA000F2BA3E /* Info.plist */ = {isa = PBXFileReference; lastKnownFileType = text.plist.xml; path = Info.plist; sourceTree = "<group>"; };
		1192A09127B53BA100F2BA3E /* TheNewsCarlosCavalcantiTests.xctest */ = {isa = PBXFileReference; explicitFileType = wrapper.cfbundle; includeInIndex = 0; path = TheNewsCarlosCavalcantiTests.xctest; sourceTree = BUILT_PRODUCTS_DIR; };
		1192A09527B53BA100F2BA3E /* TheNewsCarlosCavalcantiTests.swift */ = {isa = PBXFileReference; lastKnownFileType = sourcecode.swift; path = TheNewsCarlosCavalcantiTests.swift; sourceTree = "<group>"; };
		1192A09B27B53BA100F2BA3E /* TheNewsCarlosCavalcantiUITests.xctest */ = {isa = PBXFileReference; explicitFileType = wrapper.cfbundle; includeInIndex = 0; path = TheNewsCarlosCavalcantiUITests.xctest; sourceTree = BUILT_PRODUCTS_DIR; };
		1192A09F27B53BA100F2BA3E /* TheNewsCarlosCavalcantiUITests.swift */ = {isa = PBXFileReference; lastKnownFileType = sourcecode.swift; path = TheNewsCarlosCavalcantiUITests.swift; sourceTree = "<group>"; };
		1192A0A127B53BA100F2BA3E /* TheNewsCarlosCavalcantiUITestsLaunchTests.swift */ = {isa = PBXFileReference; lastKnownFileType = sourcecode.swift; path = TheNewsCarlosCavalcantiUITestsLaunchTests.swift; sourceTree = "<group>"; };
		1192A0B927B53F8000F2BA3E /* NewsListViewController.swift */ = {isa = PBXFileReference; lastKnownFileType = sourcecode.swift; path = NewsListViewController.swift; sourceTree = "<group>"; };
		1192A0BC27B5421F00F2BA3E /* ListNewsTableViewCell.swift */ = {isa = PBXFileReference; lastKnownFileType = sourcecode.swift; path = ListNewsTableViewCell.swift; sourceTree = "<group>"; };
		1192A0BF27B549C000F2BA3E /* UIView+Extensions.swift */ = {isa = PBXFileReference; lastKnownFileType = sourcecode.swift; path = "UIView+Extensions.swift"; sourceTree = "<group>"; };
		1192A0C127B5D56D00F2BA3E /* NewsListEntity.swift */ = {isa = PBXFileReference; lastKnownFileType = sourcecode.swift; path = NewsListEntity.swift; sourceTree = "<group>"; };
		1192A0C327B5D6D000F2BA3E /* ListNewsInteractor.swift */ = {isa = PBXFileReference; lastKnownFileType = sourcecode.swift; path = ListNewsInteractor.swift; sourceTree = "<group>"; };
		11EBFE2D80EA1A8DE7CC823C /* Pods-TheNewsCarlosCavalcantiTests.release.xcconfig */ = {isa = PBXFileReference; includeInIndex = 1; lastKnownFileType = text.xcconfig; name = "Pods-TheNewsCarlosCavalcantiTests.release.xcconfig"; path = "Target Support Files/Pods-TheNewsCarlosCavalcantiTests/Pods-TheNewsCarlosCavalcantiTests.release.xcconfig"; sourceTree = "<group>"; };
		2ABCE1F1C6BF93B779145495 /* Pods_TheNewsCarlosCavalcanti_TheNewsCarlosCavalcantiUITests.framework */ = {isa = PBXFileReference; explicitFileType = wrapper.framework; includeInIndex = 0; path = Pods_TheNewsCarlosCavalcanti_TheNewsCarlosCavalcantiUITests.framework; sourceTree = BUILT_PRODUCTS_DIR; };
		520CF3D2186D261711850BA5 /* Pods_TheNewsCarlosCavalcantiTests.framework */ = {isa = PBXFileReference; explicitFileType = wrapper.framework; includeInIndex = 0; path = Pods_TheNewsCarlosCavalcantiTests.framework; sourceTree = BUILT_PRODUCTS_DIR; };
		55CA70F6BDA149AC8793A23C /* Pods-TheNewsCarlosCavalcantiTests.debug.xcconfig */ = {isa = PBXFileReference; includeInIndex = 1; lastKnownFileType = text.xcconfig; name = "Pods-TheNewsCarlosCavalcantiTests.debug.xcconfig"; path = "Target Support Files/Pods-TheNewsCarlosCavalcantiTests/Pods-TheNewsCarlosCavalcantiTests.debug.xcconfig"; sourceTree = "<group>"; };
		67603C6968A5C8150C2307CB /* Pods_TheNewsCarlosCavalcanti.framework */ = {isa = PBXFileReference; explicitFileType = wrapper.framework; includeInIndex = 0; path = Pods_TheNewsCarlosCavalcanti.framework; sourceTree = BUILT_PRODUCTS_DIR; };
		8499A6F1021F1ED310BDB3BA /* Pods-TheNewsCarlosCavalcanti-TheNewsCarlosCavalcantiUITests.release.xcconfig */ = {isa = PBXFileReference; includeInIndex = 1; lastKnownFileType = text.xcconfig; name = "Pods-TheNewsCarlosCavalcanti-TheNewsCarlosCavalcantiUITests.release.xcconfig"; path = "Target Support Files/Pods-TheNewsCarlosCavalcanti-TheNewsCarlosCavalcantiUITests/Pods-TheNewsCarlosCavalcanti-TheNewsCarlosCavalcantiUITests.release.xcconfig"; sourceTree = "<group>"; };
		BFDA4C6BA8A5FC8C3D47E107 /* Pods-TheNewsCarlosCavalcanti-TheNewsCarlosCavalcantiUITests.debug.xcconfig */ = {isa = PBXFileReference; includeInIndex = 1; lastKnownFileType = text.xcconfig; name = "Pods-TheNewsCarlosCavalcanti-TheNewsCarlosCavalcantiUITests.debug.xcconfig"; path = "Target Support Files/Pods-TheNewsCarlosCavalcanti-TheNewsCarlosCavalcantiUITests/Pods-TheNewsCarlosCavalcanti-TheNewsCarlosCavalcantiUITests.debug.xcconfig"; sourceTree = "<group>"; };
		C5FF63ECE9AF3C64414E3880 /* Pods-TheNewsCarlosCavalcanti.release.xcconfig */ = {isa = PBXFileReference; includeInIndex = 1; lastKnownFileType = text.xcconfig; name = "Pods-TheNewsCarlosCavalcanti.release.xcconfig"; path = "Target Support Files/Pods-TheNewsCarlosCavalcanti/Pods-TheNewsCarlosCavalcanti.release.xcconfig"; sourceTree = "<group>"; };
		DA5A0C746C14206929285741 /* Pods-TheNewsCarlosCavalcanti.debug.xcconfig */ = {isa = PBXFileReference; includeInIndex = 1; lastKnownFileType = text.xcconfig; name = "Pods-TheNewsCarlosCavalcanti.debug.xcconfig"; path = "Target Support Files/Pods-TheNewsCarlosCavalcanti/Pods-TheNewsCarlosCavalcanti.debug.xcconfig"; sourceTree = "<group>"; };
/* End PBXFileReference section */

/* Begin PBXFrameworksBuildPhase section */
		1192A07827B53B9C00F2BA3E /* Frameworks */ = {
			isa = PBXFrameworksBuildPhase;
			buildActionMask = 2147483647;
			files = (
				0341B48E37D3DA2C13998862 /* Pods_TheNewsCarlosCavalcanti.framework in Frameworks */,
			);
			runOnlyForDeploymentPostprocessing = 0;
		};
		1192A08E27B53BA100F2BA3E /* Frameworks */ = {
			isa = PBXFrameworksBuildPhase;
			buildActionMask = 2147483647;
			files = (
				9C0506C52B92934A4EF34897 /* Pods_TheNewsCarlosCavalcantiTests.framework in Frameworks */,
			);
			runOnlyForDeploymentPostprocessing = 0;
		};
		1192A09827B53BA100F2BA3E /* Frameworks */ = {
			isa = PBXFrameworksBuildPhase;
			buildActionMask = 2147483647;
			files = (
				431001D2CAF7BECCFD98BD5E /* Pods_TheNewsCarlosCavalcanti_TheNewsCarlosCavalcantiUITests.framework in Frameworks */,
			);
			runOnlyForDeploymentPostprocessing = 0;
		};
/* End PBXFrameworksBuildPhase section */

/* Begin PBXGroup section */
		11472F5827B73A8C004404EF /* ListNewsFirstTableViewCell */ = {
			isa = PBXGroup;
			children = (
				11472F5927B73AA4004404EF /* ListNewsFirstTableViewCell.swift */,
			);
			path = ListNewsFirstTableViewCell;
			sourceTree = "<group>";
		};
		11472F5B27B7E854004404EF /* Shared */ = {
			isa = PBXGroup;
			children = (
				1192A0BE27B549B200F2BA3E /* Utils */,
				11472F7527B7EA49004404EF /* StyleGuide */,
				11472F5E27B7E9D7004404EF /* Font */,
			);
			path = Shared;
			sourceTree = "<group>";
		};
		11472F5E27B7E9D7004404EF /* Font */ = {
			isa = PBXGroup;
			children = (
				11472F6027B7E9F1004404EF /* Roboto-Black.ttf */,
				11472F6227B7E9F1004404EF /* Roboto-BlackItalic.ttf */,
				11472F6427B7E9F2004404EF /* Roboto-Bold.ttf */,
				11472F6127B7E9F1004404EF /* Roboto-BoldItalic.ttf */,
				11472F6827B7E9F2004404EF /* Roboto-Italic.ttf */,
				11472F6927B7E9F2004404EF /* Roboto-Light.ttf */,
				11472F6327B7E9F2004404EF /* Roboto-Medium.ttf */,
				11472F5F27B7E9F1004404EF /* Roboto-MediumItalic.ttf */,
				11472F6627B7E9F2004404EF /* Roboto-Regular.ttf */,
				11472F6727B7E9F2004404EF /* Roboto-Thin.ttf */,
				11472F6527B7E9F2004404EF /* Roboto-ThinItalic.ttf */,
			);
			path = Font;
			sourceTree = "<group>";
		};
		11472F7527B7EA49004404EF /* StyleGuide */ = {
			isa = PBXGroup;
			children = (
				11472F5C27B7E86B004404EF /* TNStyleGuide.swift */,
				11472F7627B7EA5F004404EF /* TNStyleGuideFont.swift */,
			);
			path = StyleGuide;
			sourceTree = "<group>";
		};
		11472F8427B93C6D004404EF /* NewsDetails */ = {
			isa = PBXGroup;
			children = (
				11472FA227B9AD75004404EF /* Presenter */,
				11472F8827B947C5004404EF /* Router */,
				11472F8527B93C80004404EF /* View */,
			);
			path = NewsDetails;
			sourceTree = "<group>";
		};
		11472F8527B93C80004404EF /* View */ = {
			isa = PBXGroup;
			children = (
				11472F8627B93C8F004404EF /* NewsDetailsViewController.swift */,
				11472F8E27B96D21004404EF /* NewsDetailsTitleTableViewCell.swift */,
				11472F9027B96D31004404EF /* NewsDetailsImageTableViewCell.swift */,
				11472F9227B96D3F004404EF /* NewsDetailsTextTableViewCell.swift */,
			);
			path = View;
			sourceTree = "<group>";
		};
		11472F8827B947C5004404EF /* Router */ = {
			isa = PBXGroup;
			children = (
				11472F8927B947EE004404EF /* NewsDetailsRouter.swift */,
			);
			path = Router;
			sourceTree = "<group>";
		};
		11472F9D27B98AE7004404EF /* Mocks */ = {
			isa = PBXGroup;
			children = (
				11472F9E27B98AFB004404EF /* ListNewsPresenterMock.swift */,
				11472FA027B98DB8004404EF /* ListNewsInteractorMock.swift */,
			);
			path = Mocks;
			sourceTree = "<group>";
		};
		11472FA227B9AD75004404EF /* Presenter */ = {
			isa = PBXGroup;
			children = (
				11472FA327B9AD8E004404EF /* NewsDetailsPresenter.swift */,
			);
			path = Presenter;
			sourceTree = "<group>";
		};
		1192A07227B53B9C00F2BA3E = {
			isa = PBXGroup;
			children = (
				AB63029C38708B0A0C39289D /* Frameworks */,
				E7488EF1AC3F3F7E27EAB4F4 /* Pods */,
				1192A07C27B53B9C00F2BA3E /* Products */,
				1192A07D27B53B9C00F2BA3E /* TheNewsCarlosCavalcanti */,
				1192A09427B53BA100F2BA3E /* TheNewsCarlosCavalcantiTests */,
				1192A09E27B53BA100F2BA3E /* TheNewsCarlosCavalcantiUITests */,
			);
			sourceTree = "<group>";
		};
		1192A07C27B53B9C00F2BA3E /* Products */ = {
			isa = PBXGroup;
			children = (
				1192A07B27B53B9C00F2BA3E /* TheNewsCarlosCavalcanti.app */,
				1192A09127B53BA100F2BA3E /* TheNewsCarlosCavalcantiTests.xctest */,
				1192A09B27B53BA100F2BA3E /* TheNewsCarlosCavalcantiUITests.xctest */,
			);
			name = Products;
			sourceTree = "<group>";
		};
		1192A07D27B53B9C00F2BA3E /* TheNewsCarlosCavalcanti */ = {
			isa = PBXGroup;
			children = (
				11472F5B27B7E854004404EF /* Shared */,
				1192A0AE27B53CA200F2BA3E /* Modules */,
				1192A07E27B53B9C00F2BA3E /* AppDelegate.swift */,
				1192A08027B53B9C00F2BA3E /* SceneDelegate.swift */,
				1192A08227B53B9C00F2BA3E /* ViewController.swift */,
				1192A08727B53BA000F2BA3E /* Assets.xcassets */,
				1192A08927B53BA000F2BA3E /* LaunchScreen.storyboard */,
				1192A08C27B53BA000F2BA3E /* Info.plist */,
			);
			path = TheNewsCarlosCavalcanti;
			sourceTree = "<group>";
		};
		1192A09427B53BA100F2BA3E /* TheNewsCarlosCavalcantiTests */ = {
			isa = PBXGroup;
			children = (
				11472F9D27B98AE7004404EF /* Mocks */,
				1192A09527B53BA100F2BA3E /* TheNewsCarlosCavalcantiTests.swift */,
				11472F9B27B988C8004404EF /* NewsListInteractorTests.swift */,
			);
			path = TheNewsCarlosCavalcantiTests;
			sourceTree = "<group>";
		};
		1192A09E27B53BA100F2BA3E /* TheNewsCarlosCavalcantiUITests */ = {
			isa = PBXGroup;
			children = (
				1192A09F27B53BA100F2BA3E /* TheNewsCarlosCavalcantiUITests.swift */,
				1192A0A127B53BA100F2BA3E /* TheNewsCarlosCavalcantiUITestsLaunchTests.swift */,
			);
			path = TheNewsCarlosCavalcantiUITests;
			sourceTree = "<group>";
		};
		1192A0AE27B53CA200F2BA3E /* Modules */ = {
			isa = PBXGroup;
			children = (
				11472F8427B93C6D004404EF /* NewsDetails */,
				1192A0AF27B53CDF00F2BA3E /* NewsList */,
			);
			path = Modules;
			sourceTree = "<group>";
		};
		1192A0AF27B53CDF00F2BA3E /* NewsList */ = {
			isa = PBXGroup;
			children = (
				1192A0B427B53D1900F2BA3E /* Views */,
				1192A0B327B53D1700F2BA3E /* Interactor */,
				1192A0B227B53D1400F2BA3E /* Presenter */,
				1192A0B127B53D1200F2BA3E /* Entity */,
				1192A0B027B53D0F00F2BA3E /* Router */,
			);
			path = NewsList;
			sourceTree = "<group>";
		};
		1192A0B027B53D0F00F2BA3E /* Router */ = {
			isa = PBXGroup;
			children = (
				11472F5427B71D24004404EF /* NewsListRouter.swift */,
			);
			path = Router;
			sourceTree = "<group>";
		};
		1192A0B127B53D1200F2BA3E /* Entity */ = {
			isa = PBXGroup;
			children = (
				1192A0C127B5D56D00F2BA3E /* NewsListEntity.swift */,
			);
			path = Entity;
			sourceTree = "<group>";
		};
		1192A0B227B53D1400F2BA3E /* Presenter */ = {
			isa = PBXGroup;
			children = (
				11472F5227B71672004404EF /* ListNewsPresenter.swift */,
			);
			path = Presenter;
			sourceTree = "<group>";
		};
		1192A0B327B53D1700F2BA3E /* Interactor */ = {
			isa = PBXGroup;
			children = (
				1192A0C327B5D6D000F2BA3E /* ListNewsInteractor.swift */,
			);
			path = Interactor;
			sourceTree = "<group>";
		};
		1192A0B427B53D1900F2BA3E /* Views */ = {
			isa = PBXGroup;
			children = (
				11472F5827B73A8C004404EF /* ListNewsFirstTableViewCell */,
				1192A0BB27B541FC00F2BA3E /* ListNewsTableViewCell */,
				1192A0B827B53F6900F2BA3E /* Controller */,
			);
			path = Views;
			sourceTree = "<group>";
		};
		1192A0B827B53F6900F2BA3E /* Controller */ = {
			isa = PBXGroup;
			children = (
				1192A0B927B53F8000F2BA3E /* NewsListViewController.swift */,
			);
			path = Controller;
			sourceTree = "<group>";
		};
		1192A0BB27B541FC00F2BA3E /* ListNewsTableViewCell */ = {
			isa = PBXGroup;
			children = (
				1192A0BC27B5421F00F2BA3E /* ListNewsTableViewCell.swift */,
			);
			path = ListNewsTableViewCell;
			sourceTree = "<group>";
		};
		1192A0BE27B549B200F2BA3E /* Utils */ = {
			isa = PBXGroup;
			children = (
				11472F7E27B7FE19004404EF /* UIImage+Appearance.swift */,
				1192A0BF27B549C000F2BA3E /* UIView+Extensions.swift */,
				11472F5627B729E7004404EF /* ImageKit.swift */,
				11472F7827B7ECBB004404EF /* UILabel+Extensions.swift */,
				11472F7A27B7F2CA004404EF /* UINavigationController+Extensions.swift */,
				11472F7C27B7F31A004404EF /* UINavigationBar+Extensions.swift */,
				11472F8027B7FF53004404EF /* UIButton+Extensions.swift */,
				11472F8227B80504004404EF /* UIAlertController+Extensions.swift */,
				11472FA527BA7BCF004404EF /* UITableView+Extensions.swift */,
				11472FA727BA7BFC004404EF /* UITableViewCell.swift */,
				11472FAC27BACAED004404EF /* Date+Extensions.swift */,
				11472FAE27BACBA5004404EF /* NSMutableAttributedString+Extensions.swift */,
			);
			path = Utils;
			sourceTree = "<group>";
		};
		AB63029C38708B0A0C39289D /* Frameworks */ = {
			isa = PBXGroup;
			children = (
				67603C6968A5C8150C2307CB /* Pods_TheNewsCarlosCavalcanti.framework */,
				2ABCE1F1C6BF93B779145495 /* Pods_TheNewsCarlosCavalcanti_TheNewsCarlosCavalcantiUITests.framework */,
				520CF3D2186D261711850BA5 /* Pods_TheNewsCarlosCavalcantiTests.framework */,
			);
			name = Frameworks;
			sourceTree = "<group>";
		};
		E7488EF1AC3F3F7E27EAB4F4 /* Pods */ = {
			isa = PBXGroup;
			children = (
				DA5A0C746C14206929285741 /* Pods-TheNewsCarlosCavalcanti.debug.xcconfig */,
				C5FF63ECE9AF3C64414E3880 /* Pods-TheNewsCarlosCavalcanti.release.xcconfig */,
				BFDA4C6BA8A5FC8C3D47E107 /* Pods-TheNewsCarlosCavalcanti-TheNewsCarlosCavalcantiUITests.debug.xcconfig */,
				8499A6F1021F1ED310BDB3BA /* Pods-TheNewsCarlosCavalcanti-TheNewsCarlosCavalcantiUITests.release.xcconfig */,
				55CA70F6BDA149AC8793A23C /* Pods-TheNewsCarlosCavalcantiTests.debug.xcconfig */,
				11EBFE2D80EA1A8DE7CC823C /* Pods-TheNewsCarlosCavalcantiTests.release.xcconfig */,
			);
			path = Pods;
			sourceTree = "<group>";
		};
/* End PBXGroup section */

/* Begin PBXNativeTarget section */
		1192A07A27B53B9C00F2BA3E /* TheNewsCarlosCavalcanti */ = {
			isa = PBXNativeTarget;
			buildConfigurationList = 1192A0A527B53BA100F2BA3E /* Build configuration list for PBXNativeTarget "TheNewsCarlosCavalcanti" */;
			buildPhases = (
				45DEB2805E2FFAEFED76F7E3 /* [CP] Check Pods Manifest.lock */,
				1192A07727B53B9C00F2BA3E /* Sources */,
				1192A07827B53B9C00F2BA3E /* Frameworks */,
				1192A07927B53B9C00F2BA3E /* Resources */,
				885092F19CBB3F2F2C85879E /* [CP] Embed Pods Frameworks */,
			);
			buildRules = (
			);
			dependencies = (
			);
			name = TheNewsCarlosCavalcanti;
			productName = TheNewsCarlosCavalcanti;
			productReference = 1192A07B27B53B9C00F2BA3E /* TheNewsCarlosCavalcanti.app */;
			productType = "com.apple.product-type.application";
		};
		1192A09027B53BA100F2BA3E /* TheNewsCarlosCavalcantiTests */ = {
			isa = PBXNativeTarget;
			buildConfigurationList = 1192A0A827B53BA100F2BA3E /* Build configuration list for PBXNativeTarget "TheNewsCarlosCavalcantiTests" */;
			buildPhases = (
				4641854C7C20E9213F7A1E2D /* [CP] Check Pods Manifest.lock */,
				1192A08D27B53BA100F2BA3E /* Sources */,
				1192A08E27B53BA100F2BA3E /* Frameworks */,
				1192A08F27B53BA100F2BA3E /* Resources */,
			);
			buildRules = (
			);
			dependencies = (
				1192A09327B53BA100F2BA3E /* PBXTargetDependency */,
			);
			name = TheNewsCarlosCavalcantiTests;
			productName = TheNewsCarlosCavalcantiTests;
			productReference = 1192A09127B53BA100F2BA3E /* TheNewsCarlosCavalcantiTests.xctest */;
			productType = "com.apple.product-type.bundle.unit-test";
		};
		1192A09A27B53BA100F2BA3E /* TheNewsCarlosCavalcantiUITests */ = {
			isa = PBXNativeTarget;
			buildConfigurationList = 1192A0AB27B53BA100F2BA3E /* Build configuration list for PBXNativeTarget "TheNewsCarlosCavalcantiUITests" */;
			buildPhases = (
				189400023936C6734B8D07A7 /* [CP] Check Pods Manifest.lock */,
				1192A09727B53BA100F2BA3E /* Sources */,
				1192A09827B53BA100F2BA3E /* Frameworks */,
				1192A09927B53BA100F2BA3E /* Resources */,
				4CA5845628E823ACE79A16C2 /* [CP] Embed Pods Frameworks */,
			);
			buildRules = (
			);
			dependencies = (
				1192A09D27B53BA100F2BA3E /* PBXTargetDependency */,
			);
			name = TheNewsCarlosCavalcantiUITests;
			productName = TheNewsCarlosCavalcantiUITests;
			productReference = 1192A09B27B53BA100F2BA3E /* TheNewsCarlosCavalcantiUITests.xctest */;
			productType = "com.apple.product-type.bundle.ui-testing";
		};
/* End PBXNativeTarget section */

/* Begin PBXProject section */
		1192A07327B53B9C00F2BA3E /* Project object */ = {
			isa = PBXProject;
			attributes = {
				BuildIndependentTargetsInParallel = 1;
				LastSwiftUpdateCheck = 1300;
				LastUpgradeCheck = 1300;
				TargetAttributes = {
					1192A07A27B53B9C00F2BA3E = {
						CreatedOnToolsVersion = 13.0;
					};
					1192A09027B53BA100F2BA3E = {
						CreatedOnToolsVersion = 13.0;
						TestTargetID = 1192A07A27B53B9C00F2BA3E;
					};
					1192A09A27B53BA100F2BA3E = {
						CreatedOnToolsVersion = 13.0;
						TestTargetID = 1192A07A27B53B9C00F2BA3E;
					};
				};
			};
			buildConfigurationList = 1192A07627B53B9C00F2BA3E /* Build configuration list for PBXProject "TheNewsCarlosCavalcanti" */;
			compatibilityVersion = "Xcode 13.0";
			developmentRegion = en;
			hasScannedForEncodings = 0;
			knownRegions = (
				en,
				Base,
			);
			mainGroup = 1192A07227B53B9C00F2BA3E;
			productRefGroup = 1192A07C27B53B9C00F2BA3E /* Products */;
			projectDirPath = "";
			projectRoot = "";
			targets = (
				1192A07A27B53B9C00F2BA3E /* TheNewsCarlosCavalcanti */,
				1192A09027B53BA100F2BA3E /* TheNewsCarlosCavalcantiTests */,
				1192A09A27B53BA100F2BA3E /* TheNewsCarlosCavalcantiUITests */,
			);
		};
/* End PBXProject section */

/* Begin PBXResourcesBuildPhase section */
		1192A07927B53B9C00F2BA3E /* Resources */ = {
			isa = PBXResourcesBuildPhase;
			buildActionMask = 2147483647;
			files = (
				1192A08B27B53BA000F2BA3E /* LaunchScreen.storyboard in Resources */,
				11472F7327B7E9F3004404EF /* Roboto-Italic.ttf in Resources */,
				11472F6D27B7E9F3004404EF /* Roboto-BlackItalic.ttf in Resources */,
				11472F7127B7E9F3004404EF /* Roboto-Regular.ttf in Resources */,
				11472F6A27B7E9F3004404EF /* Roboto-MediumItalic.ttf in Resources */,
				11472F7227B7E9F3004404EF /* Roboto-Thin.ttf in Resources */,
				11472F6E27B7E9F3004404EF /* Roboto-Medium.ttf in Resources */,
				1192A08827B53BA000F2BA3E /* Assets.xcassets in Resources */,
				11472F6C27B7E9F3004404EF /* Roboto-BoldItalic.ttf in Resources */,
				11472F7427B7E9F3004404EF /* Roboto-Light.ttf in Resources */,
				11472F7027B7E9F3004404EF /* Roboto-ThinItalic.ttf in Resources */,
				11472F6F27B7E9F3004404EF /* Roboto-Bold.ttf in Resources */,
				11472F6B27B7E9F3004404EF /* Roboto-Black.ttf in Resources */,
			);
			runOnlyForDeploymentPostprocessing = 0;
		};
		1192A08F27B53BA100F2BA3E /* Resources */ = {
			isa = PBXResourcesBuildPhase;
			buildActionMask = 2147483647;
			files = (
			);
			runOnlyForDeploymentPostprocessing = 0;
		};
		1192A09927B53BA100F2BA3E /* Resources */ = {
			isa = PBXResourcesBuildPhase;
			buildActionMask = 2147483647;
			files = (
			);
			runOnlyForDeploymentPostprocessing = 0;
		};
/* End PBXResourcesBuildPhase section */

/* Begin PBXShellScriptBuildPhase section */
		189400023936C6734B8D07A7 /* [CP] Check Pods Manifest.lock */ = {
			isa = PBXShellScriptBuildPhase;
			buildActionMask = 2147483647;
			files = (
			);
			inputFileListPaths = (
			);
			inputPaths = (
				"${PODS_PODFILE_DIR_PATH}/Podfile.lock",
				"${PODS_ROOT}/Manifest.lock",
			);
			name = "[CP] Check Pods Manifest.lock";
			outputFileListPaths = (
			);
			outputPaths = (
				"$(DERIVED_FILE_DIR)/Pods-TheNewsCarlosCavalcanti-TheNewsCarlosCavalcantiUITests-checkManifestLockResult.txt",
			);
			runOnlyForDeploymentPostprocessing = 0;
			shellPath = /bin/sh;
			shellScript = "diff \"${PODS_PODFILE_DIR_PATH}/Podfile.lock\" \"${PODS_ROOT}/Manifest.lock\" > /dev/null\nif [ $? != 0 ] ; then\n    # print error to STDERR\n    echo \"error: The sandbox is not in sync with the Podfile.lock. Run 'pod install' or update your CocoaPods installation.\" >&2\n    exit 1\nfi\n# This output is used by Xcode 'outputs' to avoid re-running this script phase.\necho \"SUCCESS\" > \"${SCRIPT_OUTPUT_FILE_0}\"\n";
			showEnvVarsInLog = 0;
		};
		45DEB2805E2FFAEFED76F7E3 /* [CP] Check Pods Manifest.lock */ = {
			isa = PBXShellScriptBuildPhase;
			buildActionMask = 2147483647;
			files = (
			);
			inputFileListPaths = (
			);
			inputPaths = (
				"${PODS_PODFILE_DIR_PATH}/Podfile.lock",
				"${PODS_ROOT}/Manifest.lock",
			);
			name = "[CP] Check Pods Manifest.lock";
			outputFileListPaths = (
			);
			outputPaths = (
				"$(DERIVED_FILE_DIR)/Pods-TheNewsCarlosCavalcanti-checkManifestLockResult.txt",
			);
			runOnlyForDeploymentPostprocessing = 0;
			shellPath = /bin/sh;
			shellScript = "diff \"${PODS_PODFILE_DIR_PATH}/Podfile.lock\" \"${PODS_ROOT}/Manifest.lock\" > /dev/null\nif [ $? != 0 ] ; then\n    # print error to STDERR\n    echo \"error: The sandbox is not in sync with the Podfile.lock. Run 'pod install' or update your CocoaPods installation.\" >&2\n    exit 1\nfi\n# This output is used by Xcode 'outputs' to avoid re-running this script phase.\necho \"SUCCESS\" > \"${SCRIPT_OUTPUT_FILE_0}\"\n";
			showEnvVarsInLog = 0;
		};
		4641854C7C20E9213F7A1E2D /* [CP] Check Pods Manifest.lock */ = {
			isa = PBXShellScriptBuildPhase;
			buildActionMask = 2147483647;
			files = (
			);
			inputFileListPaths = (
			);
			inputPaths = (
				"${PODS_PODFILE_DIR_PATH}/Podfile.lock",
				"${PODS_ROOT}/Manifest.lock",
			);
			name = "[CP] Check Pods Manifest.lock";
			outputFileListPaths = (
			);
			outputPaths = (
				"$(DERIVED_FILE_DIR)/Pods-TheNewsCarlosCavalcantiTests-checkManifestLockResult.txt",
			);
			runOnlyForDeploymentPostprocessing = 0;
			shellPath = /bin/sh;
			shellScript = "diff \"${PODS_PODFILE_DIR_PATH}/Podfile.lock\" \"${PODS_ROOT}/Manifest.lock\" > /dev/null\nif [ $? != 0 ] ; then\n    # print error to STDERR\n    echo \"error: The sandbox is not in sync with the Podfile.lock. Run 'pod install' or update your CocoaPods installation.\" >&2\n    exit 1\nfi\n# This output is used by Xcode 'outputs' to avoid re-running this script phase.\necho \"SUCCESS\" > \"${SCRIPT_OUTPUT_FILE_0}\"\n";
			showEnvVarsInLog = 0;
		};
		4CA5845628E823ACE79A16C2 /* [CP] Embed Pods Frameworks */ = {
			isa = PBXShellScriptBuildPhase;
			buildActionMask = 2147483647;
			files = (
			);
			inputFileListPaths = (
				"${PODS_ROOT}/Target Support Files/Pods-TheNewsCarlosCavalcanti-TheNewsCarlosCavalcantiUITests/Pods-TheNewsCarlosCavalcanti-TheNewsCarlosCavalcantiUITests-frameworks-${CONFIGURATION}-input-files.xcfilelist",
			);
			name = "[CP] Embed Pods Frameworks";
			outputFileListPaths = (
				"${PODS_ROOT}/Target Support Files/Pods-TheNewsCarlosCavalcanti-TheNewsCarlosCavalcantiUITests/Pods-TheNewsCarlosCavalcanti-TheNewsCarlosCavalcantiUITests-frameworks-${CONFIGURATION}-output-files.xcfilelist",
			);
			runOnlyForDeploymentPostprocessing = 0;
			shellPath = /bin/sh;
			shellScript = "\"${PODS_ROOT}/Target Support Files/Pods-TheNewsCarlosCavalcanti-TheNewsCarlosCavalcantiUITests/Pods-TheNewsCarlosCavalcanti-TheNewsCarlosCavalcantiUITests-frameworks.sh\"\n";
			showEnvVarsInLog = 0;
		};
		885092F19CBB3F2F2C85879E /* [CP] Embed Pods Frameworks */ = {
			isa = PBXShellScriptBuildPhase;
			buildActionMask = 2147483647;
			files = (
			);
			inputFileListPaths = (
				"${PODS_ROOT}/Target Support Files/Pods-TheNewsCarlosCavalcanti/Pods-TheNewsCarlosCavalcanti-frameworks-${CONFIGURATION}-input-files.xcfilelist",
			);
			name = "[CP] Embed Pods Frameworks";
			outputFileListPaths = (
				"${PODS_ROOT}/Target Support Files/Pods-TheNewsCarlosCavalcanti/Pods-TheNewsCarlosCavalcanti-frameworks-${CONFIGURATION}-output-files.xcfilelist",
			);
			runOnlyForDeploymentPostprocessing = 0;
			shellPath = /bin/sh;
			shellScript = "\"${PODS_ROOT}/Target Support Files/Pods-TheNewsCarlosCavalcanti/Pods-TheNewsCarlosCavalcanti-frameworks.sh\"\n";
			showEnvVarsInLog = 0;
		};
/* End PBXShellScriptBuildPhase section */

/* Begin PBXSourcesBuildPhase section */
		1192A07727B53B9C00F2BA3E /* Sources */ = {
			isa = PBXSourcesBuildPhase;
			buildActionMask = 2147483647;
			files = (
				11472F5727B729E7004404EF /* ImageKit.swift in Sources */,
				11472F7727B7EA5F004404EF /* TNStyleGuideFont.swift in Sources */,
				1192A0C027B549C000F2BA3E /* UIView+Extensions.swift in Sources */,
				11472F5327B71672004404EF /* ListNewsPresenter.swift in Sources */,
				11472F8327B80504004404EF /* UIAlertController+Extensions.swift in Sources */,
				11472FA827BA7BFC004404EF /* UITableViewCell.swift in Sources */,
				11472F7B27B7F2CA004404EF /* UINavigationController+Extensions.swift in Sources */,
				1192A0C427B5D6D000F2BA3E /* ListNewsInteractor.swift in Sources */,
				11472F7F27B7FE19004404EF /* UIImage+Appearance.swift in Sources */,
				1192A08327B53B9C00F2BA3E /* ViewController.swift in Sources */,
				11472FA627BA7BCF004404EF /* UITableView+Extensions.swift in Sources */,
				1192A07F27B53B9C00F2BA3E /* AppDelegate.swift in Sources */,
				1192A0C227B5D56D00F2BA3E /* NewsListEntity.swift in Sources */,
				11472F9327B96D3F004404EF /* NewsDetailsTextTableViewCell.swift in Sources */,
				11472F5D27B7E86B004404EF /* TNStyleGuide.swift in Sources */,
				11472F9127B96D31004404EF /* NewsDetailsImageTableViewCell.swift in Sources */,
				1192A0BA27B53F8000F2BA3E /* NewsListViewController.swift in Sources */,
				11472F8127B7FF53004404EF /* UIButton+Extensions.swift in Sources */,
				11472F5527B71D24004404EF /* NewsListRouter.swift in Sources */,
				11472F7927B7ECBB004404EF /* UILabel+Extensions.swift in Sources */,
				11472F7D27B7F31A004404EF /* UINavigationBar+Extensions.swift in Sources */,
				11472F8727B93C8F004404EF /* NewsDetailsViewController.swift in Sources */,
				1192A0BD27B5421F00F2BA3E /* ListNewsTableViewCell.swift in Sources */,
				11472F8A27B947EF004404EF /* NewsDetailsRouter.swift in Sources */,
				11472FAF27BACBA5004404EF /* NSMutableAttributedString+Extensions.swift in Sources */,
				11472FAD27BACAED004404EF /* Date+Extensions.swift in Sources */,
				11472FA427B9AD8E004404EF /* NewsDetailsPresenter.swift in Sources */,
				11472F8F27B96D21004404EF /* NewsDetailsTitleTableViewCell.swift in Sources */,
				1192A08127B53B9C00F2BA3E /* SceneDelegate.swift in Sources */,
				11472F5A27B73AA4004404EF /* ListNewsFirstTableViewCell.swift in Sources */,
			);
			runOnlyForDeploymentPostprocessing = 0;
		};
		1192A08D27B53BA100F2BA3E /* Sources */ = {
			isa = PBXSourcesBuildPhase;
			buildActionMask = 2147483647;
			files = (
				11472F9F27B98AFB004404EF /* ListNewsPresenterMock.swift in Sources */,
				11472FA127B98DB8004404EF /* ListNewsInteractorMock.swift in Sources */,
				1192A09627B53BA100F2BA3E /* TheNewsCarlosCavalcantiTests.swift in Sources */,
				11472F9C27B988C8004404EF /* NewsListInteractorTests.swift in Sources */,
			);
			runOnlyForDeploymentPostprocessing = 0;
		};
		1192A09727B53BA100F2BA3E /* Sources */ = {
			isa = PBXSourcesBuildPhase;
			buildActionMask = 2147483647;
			files = (
				1192A0A027B53BA100F2BA3E /* TheNewsCarlosCavalcantiUITests.swift in Sources */,
				1192A0A227B53BA100F2BA3E /* TheNewsCarlosCavalcantiUITestsLaunchTests.swift in Sources */,
			);
			runOnlyForDeploymentPostprocessing = 0;
		};
/* End PBXSourcesBuildPhase section */

/* Begin PBXTargetDependency section */
		1192A09327B53BA100F2BA3E /* PBXTargetDependency */ = {
			isa = PBXTargetDependency;
			target = 1192A07A27B53B9C00F2BA3E /* TheNewsCarlosCavalcanti */;
			targetProxy = 1192A09227B53BA100F2BA3E /* PBXContainerItemProxy */;
		};
		1192A09D27B53BA100F2BA3E /* PBXTargetDependency */ = {
			isa = PBXTargetDependency;
			target = 1192A07A27B53B9C00F2BA3E /* TheNewsCarlosCavalcanti */;
			targetProxy = 1192A09C27B53BA100F2BA3E /* PBXContainerItemProxy */;
		};
/* End PBXTargetDependency section */

/* Begin PBXVariantGroup section */
		1192A08927B53BA000F2BA3E /* LaunchScreen.storyboard */ = {
			isa = PBXVariantGroup;
			children = (
				1192A08A27B53BA000F2BA3E /* Base */,
			);
			name = LaunchScreen.storyboard;
			sourceTree = "<group>";
		};
/* End PBXVariantGroup section */

/* Begin XCBuildConfiguration section */
		1192A0A327B53BA100F2BA3E /* Debug */ = {
			isa = XCBuildConfiguration;
			buildSettings = {
				ALWAYS_SEARCH_USER_PATHS = NO;
				CLANG_ANALYZER_NONNULL = YES;
				CLANG_ANALYZER_NUMBER_OBJECT_CONVERSION = YES_AGGRESSIVE;
				CLANG_CXX_LANGUAGE_STANDARD = "gnu++17";
				CLANG_CXX_LIBRARY = "libc++";
				CLANG_ENABLE_MODULES = YES;
				CLANG_ENABLE_OBJC_ARC = YES;
				CLANG_ENABLE_OBJC_WEAK = YES;
				CLANG_WARN_BLOCK_CAPTURE_AUTORELEASING = YES;
				CLANG_WARN_BOOL_CONVERSION = YES;
				CLANG_WARN_COMMA = YES;
				CLANG_WARN_CONSTANT_CONVERSION = YES;
				CLANG_WARN_DEPRECATED_OBJC_IMPLEMENTATIONS = YES;
				CLANG_WARN_DIRECT_OBJC_ISA_USAGE = YES_ERROR;
				CLANG_WARN_DOCUMENTATION_COMMENTS = YES;
				CLANG_WARN_EMPTY_BODY = YES;
				CLANG_WARN_ENUM_CONVERSION = YES;
				CLANG_WARN_INFINITE_RECURSION = YES;
				CLANG_WARN_INT_CONVERSION = YES;
				CLANG_WARN_NON_LITERAL_NULL_CONVERSION = YES;
				CLANG_WARN_OBJC_IMPLICIT_RETAIN_SELF = YES;
				CLANG_WARN_OBJC_LITERAL_CONVERSION = YES;
				CLANG_WARN_OBJC_ROOT_CLASS = YES_ERROR;
				CLANG_WARN_QUOTED_INCLUDE_IN_FRAMEWORK_HEADER = YES;
				CLANG_WARN_RANGE_LOOP_ANALYSIS = YES;
				CLANG_WARN_STRICT_PROTOTYPES = YES;
				CLANG_WARN_SUSPICIOUS_MOVE = YES;
				CLANG_WARN_UNGUARDED_AVAILABILITY = YES_AGGRESSIVE;
				CLANG_WARN_UNREACHABLE_CODE = YES;
				CLANG_WARN__DUPLICATE_METHOD_MATCH = YES;
				COPY_PHASE_STRIP = NO;
				DEBUG_INFORMATION_FORMAT = dwarf;
				ENABLE_STRICT_OBJC_MSGSEND = YES;
				ENABLE_TESTABILITY = YES;
				GCC_C_LANGUAGE_STANDARD = gnu11;
				GCC_DYNAMIC_NO_PIC = NO;
				GCC_NO_COMMON_BLOCKS = YES;
				GCC_OPTIMIZATION_LEVEL = 0;
				GCC_PREPROCESSOR_DEFINITIONS = (
					"DEBUG=1",
					"$(inherited)",
				);
				GCC_WARN_64_TO_32_BIT_CONVERSION = YES;
				GCC_WARN_ABOUT_RETURN_TYPE = YES_ERROR;
				GCC_WARN_UNDECLARED_SELECTOR = YES;
				GCC_WARN_UNINITIALIZED_AUTOS = YES_AGGRESSIVE;
				GCC_WARN_UNUSED_FUNCTION = YES;
				GCC_WARN_UNUSED_VARIABLE = YES;
				IPHONEOS_DEPLOYMENT_TARGET = 15.0;
				MTL_ENABLE_DEBUG_INFO = INCLUDE_SOURCE;
				MTL_FAST_MATH = YES;
				ONLY_ACTIVE_ARCH = YES;
				SDKROOT = iphoneos;
				SWIFT_ACTIVE_COMPILATION_CONDITIONS = DEBUG;
				SWIFT_OPTIMIZATION_LEVEL = "-Onone";
			};
			name = Debug;
		};
		1192A0A427B53BA100F2BA3E /* Release */ = {
			isa = XCBuildConfiguration;
			buildSettings = {
				ALWAYS_SEARCH_USER_PATHS = NO;
				CLANG_ANALYZER_NONNULL = YES;
				CLANG_ANALYZER_NUMBER_OBJECT_CONVERSION = YES_AGGRESSIVE;
				CLANG_CXX_LANGUAGE_STANDARD = "gnu++17";
				CLANG_CXX_LIBRARY = "libc++";
				CLANG_ENABLE_MODULES = YES;
				CLANG_ENABLE_OBJC_ARC = YES;
				CLANG_ENABLE_OBJC_WEAK = YES;
				CLANG_WARN_BLOCK_CAPTURE_AUTORELEASING = YES;
				CLANG_WARN_BOOL_CONVERSION = YES;
				CLANG_WARN_COMMA = YES;
				CLANG_WARN_CONSTANT_CONVERSION = YES;
				CLANG_WARN_DEPRECATED_OBJC_IMPLEMENTATIONS = YES;
				CLANG_WARN_DIRECT_OBJC_ISA_USAGE = YES_ERROR;
				CLANG_WARN_DOCUMENTATION_COMMENTS = YES;
				CLANG_WARN_EMPTY_BODY = YES;
				CLANG_WARN_ENUM_CONVERSION = YES;
				CLANG_WARN_INFINITE_RECURSION = YES;
				CLANG_WARN_INT_CONVERSION = YES;
				CLANG_WARN_NON_LITERAL_NULL_CONVERSION = YES;
				CLANG_WARN_OBJC_IMPLICIT_RETAIN_SELF = YES;
				CLANG_WARN_OBJC_LITERAL_CONVERSION = YES;
				CLANG_WARN_OBJC_ROOT_CLASS = YES_ERROR;
				CLANG_WARN_QUOTED_INCLUDE_IN_FRAMEWORK_HEADER = YES;
				CLANG_WARN_RANGE_LOOP_ANALYSIS = YES;
				CLANG_WARN_STRICT_PROTOTYPES = YES;
				CLANG_WARN_SUSPICIOUS_MOVE = YES;
				CLANG_WARN_UNGUARDED_AVAILABILITY = YES_AGGRESSIVE;
				CLANG_WARN_UNREACHABLE_CODE = YES;
				CLANG_WARN__DUPLICATE_METHOD_MATCH = YES;
				COPY_PHASE_STRIP = NO;
				DEBUG_INFORMATION_FORMAT = "dwarf-with-dsym";
				ENABLE_NS_ASSERTIONS = NO;
				ENABLE_STRICT_OBJC_MSGSEND = YES;
				GCC_C_LANGUAGE_STANDARD = gnu11;
				GCC_NO_COMMON_BLOCKS = YES;
				GCC_WARN_64_TO_32_BIT_CONVERSION = YES;
				GCC_WARN_ABOUT_RETURN_TYPE = YES_ERROR;
				GCC_WARN_UNDECLARED_SELECTOR = YES;
				GCC_WARN_UNINITIALIZED_AUTOS = YES_AGGRESSIVE;
				GCC_WARN_UNUSED_FUNCTION = YES;
				GCC_WARN_UNUSED_VARIABLE = YES;
				IPHONEOS_DEPLOYMENT_TARGET = 15.0;
				MTL_ENABLE_DEBUG_INFO = NO;
				MTL_FAST_MATH = YES;
				SDKROOT = iphoneos;
				SWIFT_COMPILATION_MODE = wholemodule;
				SWIFT_OPTIMIZATION_LEVEL = "-O";
				VALIDATE_PRODUCT = YES;
			};
			name = Release;
		};
		1192A0A627B53BA100F2BA3E /* Debug */ = {
			isa = XCBuildConfiguration;
			baseConfigurationReference = DA5A0C746C14206929285741 /* Pods-TheNewsCarlosCavalcanti.debug.xcconfig */;
			buildSettings = {
				ASSETCATALOG_COMPILER_APPICON_NAME = AppIcon;
				ASSETCATALOG_COMPILER_GLOBAL_ACCENT_COLOR_NAME = AccentColor;
				ASSETCATALOG_COMPILER_INCLUDE_ALL_APPICON_ASSETS = YES;
				CODE_SIGN_STYLE = Automatic;
				CURRENT_PROJECT_VERSION = 1;
				DEVELOPMENT_TEAM = C6S7TDHF3B;
				GENERATE_INFOPLIST_FILE = YES;
				INFOPLIST_FILE = TheNewsCarlosCavalcanti/Info.plist;
				INFOPLIST_KEY_CFBundleDisplayName = "The News";
				INFOPLIST_KEY_UIApplicationSupportsIndirectInputEvents = YES;
				INFOPLIST_KEY_UILaunchStoryboardName = LaunchScreen;
				INFOPLIST_KEY_UISupportedInterfaceOrientations = UIInterfaceOrientationPortrait;
				INFOPLIST_KEY_UISupportedInterfaceOrientations_iPad = "UIInterfaceOrientationPortrait UIInterfaceOrientationPortraitUpsideDown UIInterfaceOrientationLandscapeLeft UIInterfaceOrientationLandscapeRight";
				INFOPLIST_KEY_UISupportedInterfaceOrientations_iPhone = "UIInterfaceOrientationPortrait UIInterfaceOrientationLandscapeLeft UIInterfaceOrientationLandscapeRight";
				LD_RUNPATH_SEARCH_PATHS = (
					"$(inherited)",
					"@executable_path/Frameworks",
				);
				MARKETING_VERSION = 1.0;
				PRODUCT_BUNDLE_IDENTIFIER = caco.TheNewsCarlosCavalcanti;
				PRODUCT_NAME = "$(TARGET_NAME)";
				SWIFT_EMIT_LOC_STRINGS = YES;
				SWIFT_VERSION = 5.0;
				TARGETED_DEVICE_FAMILY = 1;
			};
			name = Debug;
		};
		1192A0A727B53BA100F2BA3E /* Release */ = {
			isa = XCBuildConfiguration;
			baseConfigurationReference = C5FF63ECE9AF3C64414E3880 /* Pods-TheNewsCarlosCavalcanti.release.xcconfig */;
			buildSettings = {
				ASSETCATALOG_COMPILER_APPICON_NAME = AppIcon;
				ASSETCATALOG_COMPILER_GLOBAL_ACCENT_COLOR_NAME = AccentColor;
				ASSETCATALOG_COMPILER_INCLUDE_ALL_APPICON_ASSETS = YES;
				CODE_SIGN_STYLE = Automatic;
				CURRENT_PROJECT_VERSION = 1;
				DEVELOPMENT_TEAM = C6S7TDHF3B;
				GENERATE_INFOPLIST_FILE = YES;
				INFOPLIST_FILE = TheNewsCarlosCavalcanti/Info.plist;
				INFOPLIST_KEY_CFBundleDisplayName = "The News";
				INFOPLIST_KEY_UIApplicationSupportsIndirectInputEvents = YES;
				INFOPLIST_KEY_UILaunchStoryboardName = LaunchScreen;
				INFOPLIST_KEY_UISupportedInterfaceOrientations = UIInterfaceOrientationPortrait;
				INFOPLIST_KEY_UISupportedInterfaceOrientations_iPad = "UIInterfaceOrientationPortrait UIInterfaceOrientationPortraitUpsideDown UIInterfaceOrientationLandscapeLeft UIInterfaceOrientationLandscapeRight";
				INFOPLIST_KEY_UISupportedInterfaceOrientations_iPhone = "UIInterfaceOrientationPortrait UIInterfaceOrientationLandscapeLeft UIInterfaceOrientationLandscapeRight";
				LD_RUNPATH_SEARCH_PATHS = (
					"$(inherited)",
					"@executable_path/Frameworks",
				);
				MARKETING_VERSION = 1.0;
				PRODUCT_BUNDLE_IDENTIFIER = caco.TheNewsCarlosCavalcanti;
				PRODUCT_NAME = "$(TARGET_NAME)";
				SWIFT_EMIT_LOC_STRINGS = YES;
				SWIFT_VERSION = 5.0;
				TARGETED_DEVICE_FAMILY = 1;
			};
			name = Release;
		};
		1192A0A927B53BA100F2BA3E /* Debug */ = {
			isa = XCBuildConfiguration;
			baseConfigurationReference = 55CA70F6BDA149AC8793A23C /* Pods-TheNewsCarlosCavalcantiTests.debug.xcconfig */;
			buildSettings = {
				ALWAYS_EMBED_SWIFT_STANDARD_LIBRARIES = YES;
				BUNDLE_LOADER = "$(TEST_HOST)";
				CODE_SIGN_STYLE = Automatic;
				CURRENT_PROJECT_VERSION = 1;
				DEVELOPMENT_TEAM = C6S7TDHF3B;
				GENERATE_INFOPLIST_FILE = YES;
				IPHONEOS_DEPLOYMENT_TARGET = 15.0;
				LD_RUNPATH_SEARCH_PATHS = (
					"$(inherited)",
					"@executable_path/Frameworks",
					"@loader_path/Frameworks",
				);
				MARKETING_VERSION = 1.0;
				PRODUCT_BUNDLE_IDENTIFIER = caco.TheNewsCarlosCavalcantiTests;
				PRODUCT_NAME = "$(TARGET_NAME)";
				SWIFT_EMIT_LOC_STRINGS = NO;
				SWIFT_VERSION = 5.0;
				TARGETED_DEVICE_FAMILY = "1,2";
				TEST_HOST = "$(BUILT_PRODUCTS_DIR)/TheNewsCarlosCavalcanti.app/TheNewsCarlosCavalcanti";
			};
			name = Debug;
		};
		1192A0AA27B53BA100F2BA3E /* Release */ = {
			isa = XCBuildConfiguration;
			baseConfigurationReference = 11EBFE2D80EA1A8DE7CC823C /* Pods-TheNewsCarlosCavalcantiTests.release.xcconfig */;
			buildSettings = {
				ALWAYS_EMBED_SWIFT_STANDARD_LIBRARIES = YES;
				BUNDLE_LOADER = "$(TEST_HOST)";
				CODE_SIGN_STYLE = Automatic;
				CURRENT_PROJECT_VERSION = 1;
				DEVELOPMENT_TEAM = C6S7TDHF3B;
				GENERATE_INFOPLIST_FILE = YES;
				IPHONEOS_DEPLOYMENT_TARGET = 15.0;
				LD_RUNPATH_SEARCH_PATHS = (
					"$(inherited)",
					"@executable_path/Frameworks",
					"@loader_path/Frameworks",
				);
				MARKETING_VERSION = 1.0;
				PRODUCT_BUNDLE_IDENTIFIER = caco.TheNewsCarlosCavalcantiTests;
				PRODUCT_NAME = "$(TARGET_NAME)";
				SWIFT_EMIT_LOC_STRINGS = NO;
				SWIFT_VERSION = 5.0;
				TARGETED_DEVICE_FAMILY = "1,2";
				TEST_HOST = "$(BUILT_PRODUCTS_DIR)/TheNewsCarlosCavalcanti.app/TheNewsCarlosCavalcanti";
			};
			name = Release;
		};
		1192A0AC27B53BA100F2BA3E /* Debug */ = {
			isa = XCBuildConfiguration;
			baseConfigurationReference = BFDA4C6BA8A5FC8C3D47E107 /* Pods-TheNewsCarlosCavalcanti-TheNewsCarlosCavalcantiUITests.debug.xcconfig */;
			buildSettings = {
				ALWAYS_EMBED_SWIFT_STANDARD_LIBRARIES = YES;
				CODE_SIGN_STYLE = Automatic;
				CURRENT_PROJECT_VERSION = 1;
				DEVELOPMENT_TEAM = C6S7TDHF3B;
				GENERATE_INFOPLIST_FILE = YES;
				LD_RUNPATH_SEARCH_PATHS = (
					"$(inherited)",
					"@executable_path/Frameworks",
					"@loader_path/Frameworks",
				);
				MARKETING_VERSION = 1.0;
				PRODUCT_BUNDLE_IDENTIFIER = caco.TheNewsCarlosCavalcantiUITests;
				PRODUCT_NAME = "$(TARGET_NAME)";
				SWIFT_EMIT_LOC_STRINGS = NO;
				SWIFT_VERSION = 5.0;
				TARGETED_DEVICE_FAMILY = "1,2";
				TEST_TARGET_NAME = TheNewsCarlosCavalcanti;
			};
			name = Debug;
		};
		1192A0AD27B53BA100F2BA3E /* Release */ = {
			isa = XCBuildConfiguration;
			baseConfigurationReference = 8499A6F1021F1ED310BDB3BA /* Pods-TheNewsCarlosCavalcanti-TheNewsCarlosCavalcantiUITests.release.xcconfig */;
			buildSettings = {
				ALWAYS_EMBED_SWIFT_STANDARD_LIBRARIES = YES;
				CODE_SIGN_STYLE = Automatic;
				CURRENT_PROJECT_VERSION = 1;
				DEVELOPMENT_TEAM = C6S7TDHF3B;
				GENERATE_INFOPLIST_FILE = YES;
				LD_RUNPATH_SEARCH_PATHS = (
					"$(inherited)",
					"@executable_path/Frameworks",
					"@loader_path/Frameworks",
				);
				MARKETING_VERSION = 1.0;
				PRODUCT_BUNDLE_IDENTIFIER = caco.TheNewsCarlosCavalcantiUITests;
				PRODUCT_NAME = "$(TARGET_NAME)";
				SWIFT_EMIT_LOC_STRINGS = NO;
				SWIFT_VERSION = 5.0;
				TARGETED_DEVICE_FAMILY = "1,2";
				TEST_TARGET_NAME = TheNewsCarlosCavalcanti;
			};
			name = Release;
		};
/* End XCBuildConfiguration section */

/* Begin XCConfigurationList section */
		1192A07627B53B9C00F2BA3E /* Build configuration list for PBXProject "TheNewsCarlosCavalcanti" */ = {
			isa = XCConfigurationList;
			buildConfigurations = (
				1192A0A327B53BA100F2BA3E /* Debug */,
				1192A0A427B53BA100F2BA3E /* Release */,
			);
			defaultConfigurationIsVisible = 0;
			defaultConfigurationName = Release;
		};
		1192A0A527B53BA100F2BA3E /* Build configuration list for PBXNativeTarget "TheNewsCarlosCavalcanti" */ = {
			isa = XCConfigurationList;
			buildConfigurations = (
				1192A0A627B53BA100F2BA3E /* Debug */,
				1192A0A727B53BA100F2BA3E /* Release */,
			);
			defaultConfigurationIsVisible = 0;
			defaultConfigurationName = Release;
		};
		1192A0A827B53BA100F2BA3E /* Build configuration list for PBXNativeTarget "TheNewsCarlosCavalcantiTests" */ = {
			isa = XCConfigurationList;
			buildConfigurations = (
				1192A0A927B53BA100F2BA3E /* Debug */,
				1192A0AA27B53BA100F2BA3E /* Release */,
			);
			defaultConfigurationIsVisible = 0;
			defaultConfigurationName = Release;
		};
		1192A0AB27B53BA100F2BA3E /* Build configuration list for PBXNativeTarget "TheNewsCarlosCavalcantiUITests" */ = {
			isa = XCConfigurationList;
			buildConfigurations = (
				1192A0AC27B53BA100F2BA3E /* Debug */,
				1192A0AD27B53BA100F2BA3E /* Release */,
			);
			defaultConfigurationIsVisible = 0;
			defaultConfigurationName = Release;
		};
/* End XCConfigurationList section */
	};
	rootObject = 1192A07327B53B9C00F2BA3E /* Project object */;
}
